{
  "object": {
    "pins": [
      {
        "package": "Alamofire",
        "repositoryURL": "https://github.com/Alamofire/Alamofire.git",
        "state": {
          "branch": null,
          "revision": "f57428f1d3007c06c0e2c3d07b5535d443d227fd",
          "version": "5.0.0-beta.3"
        }
      }
    ]
  },
  "version": 1
}
